Microsoft Visual Studio Solution File, Format Version 12.00
# Visual Studio Version 17
VisualStudioVersion = 17.5.2.0
MinimumVisualStudioVersion = 10.0.40219.1
Project("{FAE04EC0-301F-11D3-BF4B-00C04F79EFBC}") = "QIN-Production-Web", "QIN-Production-Web.csproj", "{14C49C2C-1210-61E6-3646-5E561EC2995A}"
EndProject
Global
	GlobalSection(SolutionConfigurationPlatforms) = preSolution
		Debug|Any CPU = Debug|Any CPU
		Release|Any CPU = Release|Any CPU
	EndGlobalSection
	GlobalSection(ProjectConfigurationPlatforms) = postSolution
		{14C49C2C-1210-61E6-3646-5E561EC2995A}.Debug|Any CPU.ActiveCfg = Debug|Any CPU
		{14C49C2C-1210-61E6-3646-5E561EC2995A}.Debug|Any CPU.Build.0 = Debug|Any CPU
		{14C49C2C-1210-61E6-3646-5E561EC2995A}.Release|Any CPU.ActiveCfg = Release|Any CPU
		{14C49C2C-1210-61E6-3646-5E561EC2995A}.Release|Any CPU.Build.0 = Release|Any CPU
	EndGlobalSection
	GlobalSection(SolutionProperties) = preSolution
		HideSolutionNode = FALSE
	EndGlobalSection
	GlobalSection(ExtensibilityGlobals) = postSolution
		SolutionGuid = {FC160439-A2DA-4764-9FF8-AE9C26D3BDE6}
	EndGlobalSection
EndGlobal
